{
  "version": 4,
  "terraform_version": "0.15.3",
  "serial": 30,
  "lineage": "e4b4bf5b-4535-14dc-e74b-81f8f692c5dc",
  "outputs": {
    "cluster_name": {
      "value": "saar-cluster",
      "type": "string"
    },
    "google_zone": {
      "value": "europe-west3",
      "type": "string"
    },
    "kubeconfig_path": {
      "value": "/Users/saarwintrov/devel/releai/personal-projects/labos/terraform/gke/kubeconfig",
      "type": "string"
    }
  },
  "resources": [
    {
      "mode": "data",
      "type": "google_client_config",
      "name": "default",
      "provider": "provider[\"registry.terraform.io/hashicorp/google\"]",
      "instances": [
        {
          "schema_version": 0,
          "attributes": {
            "access_token": "ya29.c.KqgBGAgDQGEwEXhnVhKe68J81ZT66q95Mjs_OMKKSEhQH60FiA3remiZkDtiD1PUxuUOQLaiUfBUe5vxO-aTFi8bxK6jinMMmVKtvpWqWVLcDPXBF0zuHZ2fwUmEd4tWoxMDu8wLH4gCO7yRvLVHXhrHMGX_uWGU6tbODoKiAfH_0nOQ0ZxarQjnGilBb79YwwqxFrCe1ICq2_4wj20BNe6hSn5v-9dtRz3g",
            "id": "projects/snappy-sight-332507/regions//zones/europe-west3",
            "project": "snappy-sight-332507",
            "region": "",
            "zone": "europe-west3"
          },
          "sensitive_attributes": []
        }
      ]
    },
    {
      "mode": "data",
      "type": "google_container_cluster",
      "name": "default",
      "provider": "provider[\"registry.terraform.io/hashicorp/google\"]",
      "instances": [
        {
          "schema_version": 0,
          "attributes": {
            "addons_config": [
              {
                "cloudrun_config": [],
                "horizontal_pod_autoscaling": [],
                "http_load_balancing": [],
                "network_policy_config": [
                  {
                    "disabled": true
                  }
                ]
              }
            ],
            "authenticator_groups_config": [],
            "cluster_autoscaling": [
              {
                "auto_provisioning_defaults": [],
                "enabled": false,
                "resource_limits": []
              }
            ],
            "cluster_ipv4_cidr": "10.96.0.0/14",
            "database_encryption": [
              {
                "key_name": "",
                "state": "DECRYPTED"
              }
            ],
            "default_max_pods_per_node": 110,
            "description": "",
            "enable_binary_authorization": false,
            "enable_intranode_visibility": null,
            "enable_kubernetes_alpha": false,
            "enable_legacy_abac": false,
            "enable_shielded_nodes": false,
            "enable_tpu": null,
            "endpoint": "34.107.66.239",
            "id": "projects/snappy-sight-332507/locations/europe-west3/clusters/saar-cluster",
            "initial_node_count": 3,
            "instance_group_urls": [
              "https://www.googleapis.com/compute/v1/projects/snappy-sight-332507/zones/europe-west3-a/instanceGroups/gke-saar-cluster-default-pool-9c09344a-grp"
            ],
            "ip_allocation_policy": [
              {
                "cluster_ipv4_cidr_block": "10.96.0.0/14",
                "cluster_secondary_range_name": "gke-saar-cluster-pods-fd15dcef",
                "services_ipv4_cidr_block": "10.100.0.0/20",
                "services_secondary_range_name": "gke-saar-cluster-services-fd15dcef"
              }
            ],
            "label_fingerprint": "a9dc16a7",
            "location": "europe-west3",
            "logging_service": "logging.googleapis.com/kubernetes",
            "maintenance_policy": [],
            "master_auth": [
              {
                "client_certificate": "",
                "client_certificate_config": [
                  {
                    "issue_client_certificate": false
                  }
                ],
                "client_key": "",
                "cluster_ca_certificate": "LS0tLS1CRUdJTiBDRVJUSUZJQ0FURS0tLS0tCk1JSUVMRENDQXBTZ0F3SUJBZ0lRQndrMEROTVBxMlgyNTZJYXNkaTZEekFOQmdrcWhraUc5dzBCQVFzRkFEQXYKTVMwd0t3WURWUVFERXlReU1XSXpOVFEzWmkxa05tWm1MVFJrTURjdFlqQmpNeTAzTXpJek5ESTFNemhsWVdFdwpJQmNOTWpFeE1URTRNRGcwT0RNMldoZ1BNakExTVRFeE1URXdPVFE0TXpaYU1DOHhMVEFyQmdOVkJBTVRKREl4CllqTTFORGRtTFdRMlptWXROR1F3TnkxaU1HTXpMVGN6TWpNME1qVXpPR1ZoWVRDQ0FhSXdEUVlKS29aSWh2Y04KQVFFQkJRQURnZ0dQQURDQ0FZb0NnZ0dCQU13VzJubXYwWkhUbDF5disvbndpajJlemR5bXFNcjVYUWY3emVkdQp6WUJsaE5FTCtEaFErcFNRL3NzT2pzZ0Z1S1d4NHZuOE03R21haEZHMjVaaE0vdjFwSEMvVFE5OGwwc3ZWRytvCng3RzdseWR5bGU3TTl6UjNTVW9TWTN1d3dFRWJTbXpLNlZFdSthSW9ONTFPeGF0dk4xZFR4blRoMllzbGhScFgKY1cxdC9kRkZDQ0UyekgxVVBZdWFvVzV5SzIvaFBPd3dKUTYwVVQ0c3g0MUlTdkllSVVJY0tEUHB4b0hzZG1DLwppYytaVjV1VEVBNGs1RGNURHllTE1yK25MZTA3NnFOdFF4ZC9VdURmdTdISjlLaklEc080NFpKLzNFeTNjanVyCjkvaVJkNUZKdEpwL3RCd3RiM1dPOGVlQ3NhRHVpM0lNRS9OT2ZPd1FFQkRXRHZWMGdaOUM1UE9Dd0JSUWdpaUIKY09HWEFiSW90MWlFNTBFSmYxdXozcDlZdlRSUlp3SUVXQk1NV205ZVE5S2NqNDF5UXgrcXJtc0pEUFpKY1c4QwpWa1N5Z0FTK2dCZkthUnBqaGZ0alduOGoyakJ3SUI1UFNxeHJYSWZPZjhUK1BWbGFoZ1JUNnZ0VDgvYnlFZHZHCkNRSms2LzBKZUo1M2V4K0dJNFZWOVd3UWZRSURBUUFCbzBJd1FEQU9CZ05WSFE4QkFmOEVCQU1DQWdRd0R3WUQKVlIwVEFRSC9CQVV3QXdFQi96QWRCZ05WSFE0RUZnUVVoeGdJL3oxOEJPUUtJSHEycWJVQkpmZjhVRjh3RFFZSgpLb1pJaHZjTkFRRUxCUUFEZ2dHQkFLSmhYaVhRTlVTZVNqWHJoaHJKejdFK214eFZsUXZTVHBDVjhLdmtaK1BRCngxZ29JUDZGd2poZkp5OVJjUnpoVzJyU2huZWxGaXpGeHJ6SHoxSHhDWGZNTk0raTFkZ1dkenBveUQvbWJldXcKZ21aYlROKzk0UlFwcnhrck1OWTl6QUg0NTByc1gyZFFRSXZBWW5rMUVHUUtpZmVNUVpjd3QwOEpoSldXVGZlMApxY2lVbUcvRkxrdFB2K1puempMM1NGMXhDVzZBOEhodC9lb3JEUW4yblFzc0JFQVN1N1ZiUW1jYklWQ0h0MWpPCnVsU095cnBnNzhwYlVPa1lYM21FMUdEaHJodkxSWE1QOVp3MUtnak0vRnR4b3d5N2RKTlVQcjVRdkNZUHdJNksKbHlIRSs1NDcxQU5WVmJJaUltRnJSNW02MXJaNHpyYmEzcStIeVl5cFdLZ2VrV2dpTEN2VWtzcVlNcHozeHhRKwp2QVBlT0VUQmxka2ZHYlEvSjY2UVlnbXhzSWYwalRQRnRhR3RYdytjZW9MdWFLeTViYVZRR2txajJrbG9STS96CnlMR00vN3g1aGZ5U0lnWGtzR1RUUm5qSlEyTHBCOXJ5dVhIZjUyYjJvbmowa2pNNWhWZWFCTjkwL0ZaRXNpYjEKVVZOODg0ZEdFUGU2QnFMUmJITVIyZz09Ci0tLS0tRU5EIENFUlRJRklDQVRFLS0tLS0K",
                "password": "",
                "username": ""
              }
            ],
            "master_authorized_networks_config": [],
            "master_version": "1.21.5-gke.1302",
            "min_master_version": null,
            "monitoring_service": "monitoring.googleapis.com/kubernetes",
            "name": "saar-cluster",
            "network": "projects/snappy-sight-332507/global/networks/default",
            "network_policy": [
              {
                "enabled": false,
                "provider": "PROVIDER_UNSPECIFIED"
              }
            ],
            "node_config": [
              {
                "disk_size_gb": 100,
                "disk_type": "pd-standard",
                "guest_accelerator": [],
                "image_type": "COS_CONTAINERD",
                "labels": {},
                "local_ssd_count": 0,
                "machine_type": "n1-standard-4",
                "metadata": {
                  "disable-legacy-endpoints": "true"
                },
                "min_cpu_platform": "",
                "oauth_scopes": [
                  "https://www.googleapis.com/auth/compute",
                  "https://www.googleapis.com/auth/devstorage.read_only",
                  "https://www.googleapis.com/auth/logging.write",
                  "https://www.googleapis.com/auth/monitoring"
                ],
                "preemptible": false,
                "service_account": "default",
                "shielded_instance_config": [
                  {
                    "enable_integrity_monitoring": true,
                    "enable_secure_boot": false
                  }
                ],
                "tags": [],
                "taint": [],
                "workload_metadata_config": []
              }
            ],
            "node_locations": [
              "europe-west3-a"
            ],
            "node_pool": [
              {
                "autoscaling": [],
                "initial_node_count": 3,
                "instance_group_urls": [
                  "https://www.googleapis.com/compute/v1/projects/snappy-sight-332507/zones/europe-west3-a/instanceGroupManagers/gke-saar-cluster-default-pool-9c09344a-grp"
                ],
                "management": [
                  {
                    "auto_repair": true,
                    "auto_upgrade": true
                  }
                ],
                "max_pods_per_node": 110,
                "name": "default-pool",
                "name_prefix": "",
                "node_config": [
                  {
                    "disk_size_gb": 100,
                    "disk_type": "pd-standard",
                    "guest_accelerator": [],
                    "image_type": "COS_CONTAINERD",
                    "labels": {},
                    "local_ssd_count": 0,
                    "machine_type": "n1-standard-4",
                    "metadata": {
                      "disable-legacy-endpoints": "true"
                    },
                    "min_cpu_platform": "",
                    "oauth_scopes": [
                      "https://www.googleapis.com/auth/compute",
                      "https://www.googleapis.com/auth/devstorage.read_only",
                      "https://www.googleapis.com/auth/logging.write",
                      "https://www.googleapis.com/auth/monitoring"
                    ],
                    "preemptible": false,
                    "service_account": "default",
                    "shielded_instance_config": [
                      {
                        "enable_integrity_monitoring": true,
                        "enable_secure_boot": false
                      }
                    ],
                    "tags": [],
                    "taint": [],
                    "workload_metadata_config": []
                  }
                ],
                "node_count": 3,
                "node_locations": [
                  "europe-west3-a"
                ],
                "upgrade_settings": [
                  {
                    "max_surge": 1,
                    "max_unavailable": 0
                  }
                ],
                "version": "1.21.5-gke.1302"
              }
            ],
            "node_version": "1.21.5-gke.1302",
            "operation": null,
            "pod_security_policy_config": null,
            "private_cluster_config": [],
            "project": "snappy-sight-332507",
            "release_channel": [
              {
                "channel": "REGULAR"
              }
            ],
            "remove_default_node_pool": null,
            "resource_labels": {},
            "resource_usage_export_config": [],
            "self_link": "https://container.googleapis.com/v1beta1/projects/snappy-sight-332507/locations/europe-west3/clusters/saar-cluster",
            "services_ipv4_cidr": "10.100.0.0/20",
            "subnetwork": "projects/snappy-sight-332507/regions/europe-west3/subnetworks/default",
            "vertical_pod_autoscaling": [],
            "workload_identity_config": []
          },
          "sensitive_attributes": []
        }
      ]
    },
    {
      "module": "module.gke-cluster",
      "mode": "data",
      "type": "google_compute_zones",
      "name": "available",
      "provider": "provider[\"registry.terraform.io/hashicorp/google\"]",
      "instances": [
        {
          "schema_version": 0,
          "attributes": {
            "id": "projects/snappy-sight-332507/regions/",
            "names": [],
            "project": "snappy-sight-332507",
            "region": "",
            "status": null
          },
          "sensitive_attributes": []
        }
      ]
    },
    {
      "module": "module.gke-cluster",
      "mode": "data",
      "type": "google_container_engine_versions",
      "name": "supported",
      "provider": "provider[\"registry.terraform.io/hashicorp/google\"]",
      "instances": [
        {
          "schema_version": 0,
          "attributes": {
            "default_cluster_version": "1.21.5-gke.1302",
            "id": "2021-11-18 09:48:24.214704 +0000 UTC",
            "latest_master_version": null,
            "latest_node_version": "1.18.20-gke.6000",
            "location": "europe-west3",
            "project": null,
            "release_channel_default_version": {
              "RAPID": "1.21.5-gke.1802",
              "REGULAR": "1.21.5-gke.1302",
              "STABLE": "1.20.10-gke.1600"
            },
            "valid_master_versions": [],
            "valid_node_versions": [
              "1.18.20-gke.6000",
              "1.18.20-gke.4501",
              "1.18.20-gke.4500",
              "1.18.20-gke.4100",
              "1.18.20-gke.3300",
              "1.18.20-gke.3001",
              "1.18.20-gke.3000",
              "1.18.20-gke.2300",
              "1.18.20-gke.901",
              "1.18.20-gke.900",
              "1.18.20-gke.501",
              "1.18.19-gke.2101",
              "1.18.19-gke.2100",
              "1.18.19-gke.1701",
              "1.18.19-gke.1700",
              "1.18.18-gke.1701",
              "1.18.18-gke.1700",
              "1.18.18-gke.1101",
              "1.18.18-gke.1100",
              "1.18.17-gke.1901",
              "1.18.17-gke.1900",
              "1.18.17-gke.1201",
              "1.18.17-gke.1200",
              "1.18.17-gke.700",
              "1.18.17-gke.100",
              "1.18.16-gke.2100",
              "1.18.16-gke.1201",
              "1.18.16-gke.1200",
              "1.18.16-gke.502",
              "1.18.16-gke.500",
              "1.18.16-gke.302",
              "1.18.16-gke.300",
              "1.18.15-gke.2500",
              "1.18.15-gke.1502",
              "1.18.15-gke.1501",
              "1.18.15-gke.1500",
              "1.18.15-gke.1102",
              "1.18.15-gke.1100",
              "1.18.15-gke.800",
              "1.18.14-gke.1600",
              "1.18.14-gke.1200",
              "1.18.12-gke.1210",
              "1.18.12-gke.1206",
              "1.18.12-gke.1205",
              "1.18.12-gke.1201",
              "1.18.12-gke.1200",
              "1.18.12-gke.300",
              "1.18.10-gke.2701",
              "1.18.10-gke.2101",
              "1.18.10-gke.1500",
              "1.18.10-gke.601",
              "1.18.9-gke.2501",
              "1.18.9-gke.1501",
              "1.18.9-gke.801",
              "1.18.6-gke.4801",
              "1.18.6-gke.3504",
              "1.18.6-gke.3503"
            ],
            "version_prefix": "1.18"
          },
          "sensitive_attributes": []
        }
      ]
    },
    {
      "module": "module.gke-cluster",
      "mode": "managed",
      "type": "google_container_cluster",
      "name": "default",
      "provider": "provider[\"registry.terraform.io/hashicorp/google\"]",
      "instances": [
        {
          "schema_version": 1,
          "attributes": {
            "addons_config": [
              {
                "cloudrun_config": [],
                "horizontal_pod_autoscaling": [],
                "http_load_balancing": [],
                "network_policy_config": [
                  {
                    "disabled": true
                  }
                ]
              }
            ],
            "authenticator_groups_config": [],
            "cluster_autoscaling": [
              {
                "auto_provisioning_defaults": [],
                "enabled": false,
                "resource_limits": []
              }
            ],
            "cluster_ipv4_cidr": "10.96.0.0/14",
            "database_encryption": [
              {
                "key_name": "",
                "state": "DECRYPTED"
              }
            ],
            "default_max_pods_per_node": 110,
            "description": "",
            "enable_binary_authorization": false,
            "enable_intranode_visibility": null,
            "enable_kubernetes_alpha": false,
            "enable_legacy_abac": false,
            "enable_shielded_nodes": false,
            "enable_tpu": null,
            "endpoint": "34.107.66.239",
            "id": "projects/snappy-sight-332507/locations/europe-west3/clusters/saar-cluster",
            "initial_node_count": 3,
            "instance_group_urls": [
              "https://www.googleapis.com/compute/v1/projects/snappy-sight-332507/zones/europe-west3-a/instanceGroups/gke-saar-cluster-default-pool-9c09344a-grp"
            ],
            "ip_allocation_policy": [
              {
                "cluster_ipv4_cidr_block": "10.96.0.0/14",
                "cluster_secondary_range_name": "gke-saar-cluster-pods-fd15dcef",
                "services_ipv4_cidr_block": "10.100.0.0/20",
                "services_secondary_range_name": "gke-saar-cluster-services-fd15dcef"
              }
            ],
            "label_fingerprint": "a9dc16a7",
            "location": "europe-west3",
            "logging_service": "logging.googleapis.com/kubernetes",
            "maintenance_policy": [],
            "master_auth": [
              {
                "client_certificate": "",
                "client_certificate_config": [
                  {
                    "issue_client_certificate": false
                  }
                ],
                "client_key": "",
                "cluster_ca_certificate": "LS0tLS1CRUdJTiBDRVJUSUZJQ0FURS0tLS0tCk1JSUVMRENDQXBTZ0F3SUJBZ0lRQndrMEROTVBxMlgyNTZJYXNkaTZEekFOQmdrcWhraUc5dzBCQVFzRkFEQXYKTVMwd0t3WURWUVFERXlReU1XSXpOVFEzWmkxa05tWm1MVFJrTURjdFlqQmpNeTAzTXpJek5ESTFNemhsWVdFdwpJQmNOTWpFeE1URTRNRGcwT0RNMldoZ1BNakExTVRFeE1URXdPVFE0TXpaYU1DOHhMVEFyQmdOVkJBTVRKREl4CllqTTFORGRtTFdRMlptWXROR1F3TnkxaU1HTXpMVGN6TWpNME1qVXpPR1ZoWVRDQ0FhSXdEUVlKS29aSWh2Y04KQVFFQkJRQURnZ0dQQURDQ0FZb0NnZ0dCQU13VzJubXYwWkhUbDF5disvbndpajJlemR5bXFNcjVYUWY3emVkdQp6WUJsaE5FTCtEaFErcFNRL3NzT2pzZ0Z1S1d4NHZuOE03R21haEZHMjVaaE0vdjFwSEMvVFE5OGwwc3ZWRytvCng3RzdseWR5bGU3TTl6UjNTVW9TWTN1d3dFRWJTbXpLNlZFdSthSW9ONTFPeGF0dk4xZFR4blRoMllzbGhScFgKY1cxdC9kRkZDQ0UyekgxVVBZdWFvVzV5SzIvaFBPd3dKUTYwVVQ0c3g0MUlTdkllSVVJY0tEUHB4b0hzZG1DLwppYytaVjV1VEVBNGs1RGNURHllTE1yK25MZTA3NnFOdFF4ZC9VdURmdTdISjlLaklEc080NFpKLzNFeTNjanVyCjkvaVJkNUZKdEpwL3RCd3RiM1dPOGVlQ3NhRHVpM0lNRS9OT2ZPd1FFQkRXRHZWMGdaOUM1UE9Dd0JSUWdpaUIKY09HWEFiSW90MWlFNTBFSmYxdXozcDlZdlRSUlp3SUVXQk1NV205ZVE5S2NqNDF5UXgrcXJtc0pEUFpKY1c4QwpWa1N5Z0FTK2dCZkthUnBqaGZ0alduOGoyakJ3SUI1UFNxeHJYSWZPZjhUK1BWbGFoZ1JUNnZ0VDgvYnlFZHZHCkNRSms2LzBKZUo1M2V4K0dJNFZWOVd3UWZRSURBUUFCbzBJd1FEQU9CZ05WSFE4QkFmOEVCQU1DQWdRd0R3WUQKVlIwVEFRSC9CQVV3QXdFQi96QWRCZ05WSFE0RUZnUVVoeGdJL3oxOEJPUUtJSHEycWJVQkpmZjhVRjh3RFFZSgpLb1pJaHZjTkFRRUxCUUFEZ2dHQkFLSmhYaVhRTlVTZVNqWHJoaHJKejdFK214eFZsUXZTVHBDVjhLdmtaK1BRCngxZ29JUDZGd2poZkp5OVJjUnpoVzJyU2huZWxGaXpGeHJ6SHoxSHhDWGZNTk0raTFkZ1dkenBveUQvbWJldXcKZ21aYlROKzk0UlFwcnhrck1OWTl6QUg0NTByc1gyZFFRSXZBWW5rMUVHUUtpZmVNUVpjd3QwOEpoSldXVGZlMApxY2lVbUcvRkxrdFB2K1puempMM1NGMXhDVzZBOEhodC9lb3JEUW4yblFzc0JFQVN1N1ZiUW1jYklWQ0h0MWpPCnVsU095cnBnNzhwYlVPa1lYM21FMUdEaHJodkxSWE1QOVp3MUtnak0vRnR4b3d5N2RKTlVQcjVRdkNZUHdJNksKbHlIRSs1NDcxQU5WVmJJaUltRnJSNW02MXJaNHpyYmEzcStIeVl5cFdLZ2VrV2dpTEN2VWtzcVlNcHozeHhRKwp2QVBlT0VUQmxka2ZHYlEvSjY2UVlnbXhzSWYwalRQRnRhR3RYdytjZW9MdWFLeTViYVZRR2txajJrbG9STS96CnlMR00vN3g1aGZ5U0lnWGtzR1RUUm5qSlEyTHBCOXJ5dVhIZjUyYjJvbmowa2pNNWhWZWFCTjkwL0ZaRXNpYjEKVVZOODg0ZEdFUGU2QnFMUmJITVIyZz09Ci0tLS0tRU5EIENFUlRJRklDQVRFLS0tLS0K",
                "password": "",
                "username": ""
              }
            ],
            "master_authorized_networks_config": [],
            "master_version": "1.21.5-gke.1302",
            "min_master_version": null,
            "monitoring_service": "monitoring.googleapis.com/kubernetes",
            "name": "saar-cluster",
            "network": "projects/snappy-sight-332507/global/networks/default",
            "network_policy": [
              {
                "enabled": false,
                "provider": "PROVIDER_UNSPECIFIED"
              }
            ],
            "node_config": [
              {
                "disk_size_gb": 100,
                "disk_type": "pd-standard",
                "guest_accelerator": [],
                "image_type": "COS_CONTAINERD",
                "labels": {},
                "local_ssd_count": 0,
                "machine_type": "n1-standard-4",
                "metadata": {
                  "disable-legacy-endpoints": "true"
                },
                "min_cpu_platform": "",
                "oauth_scopes": [
                  "https://www.googleapis.com/auth/compute",
                  "https://www.googleapis.com/auth/devstorage.read_only",
                  "https://www.googleapis.com/auth/logging.write",
                  "https://www.googleapis.com/auth/monitoring"
                ],
                "preemptible": false,
                "service_account": "default",
                "shielded_instance_config": [
                  {
                    "enable_integrity_monitoring": true,
                    "enable_secure_boot": false
                  }
                ],
                "tags": null,
                "taint": [],
                "workload_metadata_config": []
              }
            ],
            "node_locations": [
              "europe-west3-a"
            ],
            "node_pool": [
              {
                "autoscaling": [],
                "initial_node_count": 3,
                "instance_group_urls": [
                  "https://www.googleapis.com/compute/v1/projects/snappy-sight-332507/zones/europe-west3-a/instanceGroupManagers/gke-saar-cluster-default-pool-9c09344a-grp"
                ],
                "management": [
                  {
                    "auto_repair": true,
                    "auto_upgrade": true
                  }
                ],
                "max_pods_per_node": 110,
                "name": "default-pool",
                "name_prefix": "",
                "node_config": [
                  {
                    "disk_size_gb": 100,
                    "disk_type": "pd-standard",
                    "guest_accelerator": [],
                    "image_type": "COS_CONTAINERD",
                    "labels": {},
                    "local_ssd_count": 0,
                    "machine_type": "n1-standard-4",
                    "metadata": {
                      "disable-legacy-endpoints": "true"
                    },
                    "min_cpu_platform": "",
                    "oauth_scopes": [
                      "https://www.googleapis.com/auth/compute",
                      "https://www.googleapis.com/auth/devstorage.read_only",
                      "https://www.googleapis.com/auth/logging.write",
                      "https://www.googleapis.com/auth/monitoring"
                    ],
                    "preemptible": false,
                    "service_account": "default",
                    "shielded_instance_config": [
                      {
                        "enable_integrity_monitoring": true,
                        "enable_secure_boot": false
                      }
                    ],
                    "tags": [],
                    "taint": [],
                    "workload_metadata_config": []
                  }
                ],
                "node_count": 3,
                "node_locations": [
                  "europe-west3-a"
                ],
                "upgrade_settings": [
                  {
                    "max_surge": 1,
                    "max_unavailable": 0
                  }
                ],
                "version": "1.21.5-gke.1302"
              }
            ],
            "node_version": "1.21.5-gke.1302",
            "operation": null,
            "pod_security_policy_config": [],
            "private_cluster_config": [],
            "project": "snappy-sight-332507",
            "release_channel": [
              {
                "channel": "REGULAR"
              }
            ],
            "remove_default_node_pool": null,
            "resource_labels": null,
            "resource_usage_export_config": [],
            "self_link": "https://container.googleapis.com/v1beta1/projects/snappy-sight-332507/locations/europe-west3/clusters/saar-cluster",
            "services_ipv4_cidr": "10.100.0.0/20",
            "subnetwork": "projects/snappy-sight-332507/regions/europe-west3/subnetworks/default",
            "timeouts": null,
            "vertical_pod_autoscaling": [],
            "workload_identity_config": []
          },
          "sensitive_attributes": [],
          "private": "eyJlMmJmYjczMC1lY2FhLTExZTYtOGY4OC0zNDM2M2JjN2M0YzAiOnsiY3JlYXRlIjoyNDAwMDAwMDAwMDAwLCJkZWxldGUiOjI0MDAwMDAwMDAwMDAsInJlYWQiOjI0MDAwMDAwMDAwMDAsInVwZGF0ZSI6MzYwMDAwMDAwMDAwMH0sInNjaGVtYV92ZXJzaW9uIjoiMSJ9",
          "dependencies": [
            "module.gke-cluster.data.google_container_engine_versions.supported"
          ]
        }
      ]
    },
    {
      "module": "module.kubernetes-config",
      "mode": "managed",
      "type": "helm_release",
      "name": "nginx_ingress",
      "provider": "provider[\"registry.terraform.io/hashicorp/helm\"]",
      "instances": [
        {
          "schema_version": 0,
          "attributes": {
            "atomic": false,
            "chart": "nginx-ingress-controller",
            "cleanup_on_fail": false,
            "create_namespace": false,
            "dependency_update": false,
            "description": null,
            "devel": null,
            "disable_crd_hooks": false,
            "disable_openapi_validation": false,
            "disable_webhooks": false,
            "force_update": false,
            "id": "nginx-ingress-controller",
            "keyring": null,
            "lint": false,
            "manifest": null,
            "max_history": 0,
            "metadata": [
              {
                "app_version": "1.0.5",
                "chart": "nginx-ingress-controller",
                "name": "nginx-ingress-controller",
                "namespace": "default",
                "revision": 1,
                "values": "{\"service\":{\"type\":\"ClusterIP\"}}",
                "version": "9.0.6"
              }
            ],
            "name": "nginx-ingress-controller",
            "namespace": "default",
            "postrender": [],
            "recreate_pods": false,
            "render_subchart_notes": true,
            "replace": false,
            "repository": "https://charts.bitnami.com/bitnami",
            "repository_ca_file": null,
            "repository_cert_file": null,
            "repository_key_file": null,
            "repository_password": null,
            "repository_username": null,
            "reset_values": false,
            "reuse_values": false,
            "set": [
              {
                "name": "service.type",
                "type": "",
                "value": "ClusterIP"
              }
            ],
            "set_sensitive": [],
            "skip_crds": false,
            "status": "deployed",
            "timeout": 300,
            "values": null,
            "verify": false,
            "version": "9.0.6",
            "wait": true,
            "wait_for_jobs": false
          },
          "sensitive_attributes": [],
          "private": "bnVsbA==",
          "dependencies": [
            "data.google_client_config.default",
            "data.google_container_cluster.default",
            "module.gke-cluster.data.google_compute_zones.available",
            "module.gke-cluster.data.google_container_engine_versions.supported",
            "module.gke-cluster.google_container_cluster.default"
          ]
        }
      ]
    },
    {
      "module": "module.kubernetes-config",
      "mode": "managed",
      "type": "kubernetes_deployment",
      "name": "test",
      "provider": "provider[\"registry.terraform.io/hashicorp/kubernetes\"]",
      "instances": [
        {
          "schema_version": 1,
          "attributes": {
            "id": "saar-test/saar-test",
            "metadata": [
              {
                "annotations": null,
                "generate_name": "",
                "generation": 1,
                "labels": null,
                "name": "saar-test",
                "namespace": "saar-test",
                "resource_version": "1242",
                "uid": "d778e4a7-8dcf-4532-9ce2-3118d2079fca"
              }
            ],
            "spec": [
              {
                "min_ready_seconds": 0,
                "paused": false,
                "progress_deadline_seconds": 600,
                "replicas": "2",
                "revision_history_limit": 10,
                "selector": [
                  {
                    "match_expressions": [],
                    "match_labels": {
                      "app": "test"
                    }
                  }
                ],
                "strategy": [
                  {
                    "rolling_update": [
                      {
                        "max_surge": "25%",
                        "max_unavailable": "25%"
                      }
                    ],
                    "type": "RollingUpdate"
                  }
                ],
                "template": [
                  {
                    "metadata": [
                      {
                        "annotations": null,
                        "generate_name": "",
                        "generation": 0,
                        "labels": {
                          "app": "test"
                        },
                        "name": "",
                        "namespace": "",
                        "resource_version": "",
                        "uid": ""
                      }
                    ],
                    "spec": [
                      {
                        "active_deadline_seconds": 0,
                        "affinity": [],
                        "automount_service_account_token": true,
                        "container": [
                          {
                            "args": null,
                            "command": null,
                            "env": [],
                            "env_from": [],
                            "image": "nginx:1.19.4",
                            "image_pull_policy": "IfNotPresent",
                            "lifecycle": [],
                            "liveness_probe": [],
                            "name": "nginx",
                            "port": [],
                            "readiness_probe": [],
                            "resources": [
                              {
                                "limits": {
                                  "cpu": "1",
                                  "memory": "512M"
                                },
                                "requests": {
                                  "cpu": "50m",
                                  "memory": "256M"
                                }
                              }
                            ],
                            "security_context": [],
                            "startup_probe": [],
                            "stdin": false,
                            "stdin_once": false,
                            "termination_message_path": "/dev/termination-log",
                            "termination_message_policy": "File",
                            "tty": false,
                            "volume_mount": [],
                            "working_dir": ""
                          }
                        ],
                        "dns_config": [],
                        "dns_policy": "ClusterFirst",
                        "enable_service_links": true,
                        "host_aliases": [],
                        "host_ipc": false,
                        "host_network": false,
                        "host_pid": false,
                        "hostname": "",
                        "image_pull_secrets": [],
                        "init_container": [],
                        "node_name": "",
                        "node_selector": null,
                        "priority_class_name": "",
                        "readiness_gate": [],
                        "restart_policy": "Always",
                        "security_context": [],
                        "service_account_name": "",
                        "share_process_namespace": false,
                        "subdomain": "",
                        "termination_grace_period_seconds": 30,
                        "toleration": [],
                        "topology_spread_constraint": [],
                        "volume": []
                      }
                    ]
                  }
                ]
              }
            ],
            "timeouts": null,
            "wait_for_rollout": true
          },
          "sensitive_attributes": [],
          "private": "eyJlMmJmYjczMC1lY2FhLTExZTYtOGY4OC0zNDM2M2JjN2M0YzAiOnsiY3JlYXRlIjo2MDAwMDAwMDAwMDAsImRlbGV0ZSI6NjAwMDAwMDAwMDAwLCJ1cGRhdGUiOjYwMDAwMDAwMDAwMH0sInNjaGVtYV92ZXJzaW9uIjoiMSJ9",
          "dependencies": [
            "data.google_client_config.default",
            "data.google_container_cluster.default",
            "module.gke-cluster.data.google_compute_zones.available",
            "module.gke-cluster.data.google_container_engine_versions.supported",
            "module.gke-cluster.google_container_cluster.default",
            "module.kubernetes-config.kubernetes_namespace.test"
          ]
        }
      ]
    },
    {
      "module": "module.kubernetes-config",
      "mode": "managed",
      "type": "kubernetes_namespace",
      "name": "test",
      "provider": "provider[\"registry.terraform.io/hashicorp/kubernetes\"]",
      "instances": [
        {
          "schema_version": 0,
          "attributes": {
            "id": "saar-test",
            "metadata": [
              {
                "annotations": null,
                "generate_name": "",
                "generation": 0,
                "labels": null,
                "name": "saar-test",
                "resource_version": "993",
                "uid": "5d4fd809-b355-4af5-8fdd-cd86daf45a87"
              }
            ],
            "timeouts": null
          },
          "sensitive_attributes": [],
          "private": "eyJlMmJmYjczMC1lY2FhLTExZTYtOGY4OC0zNDM2M2JjN2M0YzAiOnsiZGVsZXRlIjozMDAwMDAwMDAwMDB9fQ==",
          "dependencies": [
            "data.google_client_config.default",
            "data.google_container_cluster.default",
            "module.gke-cluster.data.google_compute_zones.available",
            "module.gke-cluster.data.google_container_engine_versions.supported",
            "module.gke-cluster.google_container_cluster.default"
          ]
        }
      ]
    }
  ]
}
