{
  "version": 4,
  "terraform_version": "0.15.3",
  "serial": 86,
  "lineage": "e4b4bf5b-4535-14dc-e74b-81f8f692c5dc",
  "outputs": {
    "kubeconfig_path": {
      "value": "/Users/saarwintrov/devel/releai/personal-projects-1/labos/terraform/gke/kubeconfig",
      "type": "string"
    }
  },
  "resources": [
    {
      "mode": "data",
      "type": "google_client_config",
      "name": "default",
      "provider": "provider[\"registry.terraform.io/hashicorp/google\"]",
      "instances": [
        {
          "schema_version": 0,
          "attributes": {
            "access_token": "ya29.c.b0AXv0zTN5_cdYj9AWvl0atkGIWL3EzgLjvTn6ipz8QC1XExuu-9nGjfwp_3-kWF5GBsd2dnBFgbC0rLe_ZqP3j_29cv-ZOmMToJsCLDqRrqneimX813c2B9RGqsYcycwvgr5E3JovO29OlQSZjO6cWMua6XZWDiQvKKYyxKcVN6QL4LA924qRBwsUuN96wNAP9kufnDM7NzrTOlweeekiEb-6hCeNzEZDFZtWiwd7wMQ..........................................................................................................................................................................................................................................................................................................................................................................................................................................................................................................................................................................................................................................................................................................................................................................",
            "id": "projects/snappy-sight-332507/regions//zones/europe-west3",
            "project": "snappy-sight-332507",
            "region": "",
            "zone": "europe-west3"
          },
          "sensitive_attributes": []
        }
      ]
    },
    {
      "mode": "data",
      "type": "google_container_cluster",
      "name": "default",
      "provider": "provider[\"registry.terraform.io/hashicorp/google\"]",
      "instances": [
        {
          "schema_version": 0,
          "attributes": {
            "addons_config": [
              {
                "cloudrun_config": [],
                "horizontal_pod_autoscaling": [],
                "http_load_balancing": [],
                "network_policy_config": [
                  {
                    "disabled": true
                  }
                ]
              }
            ],
            "authenticator_groups_config": [],
            "cluster_autoscaling": [
              {
                "auto_provisioning_defaults": [],
                "enabled": false,
                "resource_limits": []
              }
            ],
            "cluster_ipv4_cidr": "10.96.0.0/14",
            "database_encryption": [
              {
                "key_name": "",
                "state": "DECRYPTED"
              }
            ],
            "default_max_pods_per_node": 110,
            "description": "",
            "enable_binary_authorization": false,
            "enable_intranode_visibility": null,
            "enable_kubernetes_alpha": false,
            "enable_legacy_abac": false,
            "enable_shielded_nodes": false,
            "enable_tpu": null,
            "endpoint": "34.141.51.73",
            "id": "projects/snappy-sight-332507/locations/europe-west3/clusters/saar-cluster",
            "initial_node_count": 3,
            "instance_group_urls": [
              "https://www.googleapis.com/compute/v1/projects/snappy-sight-332507/zones/europe-west3-a/instanceGroups/gke-saar-cluster-default-pool-e04597e3-grp"
            ],
            "ip_allocation_policy": [
              {
                "cluster_ipv4_cidr_block": "10.96.0.0/14",
                "cluster_secondary_range_name": "gke-saar-cluster-pods-46628f27",
                "services_ipv4_cidr_block": "10.100.0.0/20",
                "services_secondary_range_name": "gke-saar-cluster-services-46628f27"
              }
            ],
            "label_fingerprint": "a9dc16a7",
            "location": "europe-west3",
            "logging_service": "logging.googleapis.com/kubernetes",
            "maintenance_policy": [],
            "master_auth": [
              {
                "client_certificate": "",
                "client_certificate_config": [
                  {
                    "issue_client_certificate": false
                  }
                ],
                "client_key": "",
                "cluster_ca_certificate": "LS0tLS1CRUdJTiBDRVJUSUZJQ0FURS0tLS0tCk1JSUVMVENDQXBXZ0F3SUJBZ0lSQU9rRjVOZTNmMmVUc0ZQYVN4Q3lEOW93RFFZSktvWklodmNOQVFFTEJRQXcKTHpFdE1Dc0dBMVVFQXhNa01UazNNV0V5T1RJdFpqazVaUzAwWlRNeExUZzRNVGN0WVRoaVlqaGlNakk1WWprMApNQ0FYRFRJeE1URXlNREE1TlRBMU5Gb1lEekl3TlRFeE1URXpNVEExTURVMFdqQXZNUzB3S3dZRFZRUURFeVF4Ck9UY3hZVEk1TWkxbU9UbGxMVFJsTXpFdE9EZ3hOeTFoT0dKaU9HSXlNamxpT1RRd2dnR2lNQTBHQ1NxR1NJYjMKRFFFQkFRVUFBNElCandBd2dnR0tBb0lCZ1FDUCtndUZ0M3hvNFFhcExZRkYrTEZDMVRpWEdLSklybFRMV2hMdgpabk5zUFVDZ0NQcTZ4VjBSUFQ3UENBM3Z4eGFlS2EvUnNPRzc4bXQyc2MzZUR6RUZNb3ovWStTZSs3akFFbkF5CmdYeTlOYndaS0Y5R0lrd0xIa3ZTSDQ5b09nRTlQUFd3czdvODZ3SFFNSVRQNXZ3RS9tWXM1M0ZTbFd4YktkQjcKM2YrcVNjQ2YrSkRGVVVKM3V1elQxdVdCRkN5ZjM4MFMxZmJVazN3S0pPdXZkbmRSNjVyU3ZQaFl5QUxSOVQyVApkT2JCU3haU3RKQkFmbHFnRHFBSWRmT3krTzI2OFlHbkNZYStNVWlIeU0xcGEvall5MmYxRGIyQmRRSjkxdzNlClhJbmpQdVUrWmtwVjJWeDVYS21mby84WFFlWStBNDk3TlB1UDZicURiZGtNRW5XN3NGVFgySStHdVEyTDBiRG0KTTVCMDYzek8zSGtOeW5tWmJ1enNxMi9pS1YwQ2JpQUdqUUY2UVhlbS9rV3hoTENpWHpJK3FpS1NPdkRuSld6dApYSi9uczVBQjBmbG9QRmthckxmZjhpbEFFSk5xWVlUTXBoZ0hMeEtjVnJJRU5SYk5MSkZVOVNGQmo1NDBhYWR1Cm5XUk1rdHV3M0lqUXJnbEJtd0ladERZN1NlOENBd0VBQWFOQ01FQXdEZ1lEVlIwUEFRSC9CQVFEQWdJRU1BOEcKQTFVZEV3RUIvd1FGTUFNQkFmOHdIUVlEVlIwT0JCWUVGRU5iTzlIRVJFOE9leFBNKzBpOWNFVE5DQUdkTUEwRwpDU3FHU0liM0RRRUJDd1VBQTRJQmdRQkhoMUNJbCtidVJpd3BSdEFKaXpxTXJEZ0NvZ3ZjSjJXaEMyQk5hVTFlCmE3Wm5IaldZWkJBVjBaRkN3SGpubUpGMXM0Z2ZNeGg3dHNCaDBETXdWT1hodmEwbWoydFoycTQzejV2UDVScDgKb1ZXd1lxSUJ0SElvQlI4OU9YWWVLUE1YSFFiWGRDS0lickhzRXpadnQvRG9MZjlWN2IrNjNLSDVtKzJEaVZpVwpzZGdUekdZcmh1Sng0SmRSZlpvRkxYL0lHNW5rdUFCODMwRTBRVDlYMVlXaHB0NWxXYko2VzR3L01mUi9HVmFjCnhLblVnb1BrdzFnSG82cHEwVHFhREpuVjZzcW5xREtyd1JRc2FIUkdIeUNIUGZhL0RWOVgzdmV2R1ZYTDNXdU8KMFBZYm5QcnZUUkFSRUd2RmdycjlPNmdWaitlSFlUeTBwWmx2blVrLzZNUVo1M0V6QU9KN2YycTM3TE5JdDVSMgppcit6OElJcUlXanpweWVaV2QzMFVRZEx2L1Z0bWczLzN5enUzSThpUzJvTXZ1RGRFVDhhbEpWbnhNT2ZwK2Q4CisvT1g4YVVhOFVzWDNLZW8weENBMWoxUWlGY3hUUDRkQVhFcHczNzZGcjMwUmFNdzYwenFPVUJqZEZwYnF0ZXEKajRHVWppSjcyNXN0bUNlME5mKzIzVGc9Ci0tLS0tRU5EIENFUlRJRklDQVRFLS0tLS0K",
                "password": "",
                "username": ""
              }
            ],
            "master_authorized_networks_config": [],
            "master_version": "1.21.5-gke.1302",
            "min_master_version": null,
            "monitoring_service": "monitoring.googleapis.com/kubernetes",
            "name": "saar-cluster",
            "network": "projects/snappy-sight-332507/global/networks/default",
            "network_policy": [
              {
                "enabled": false,
                "provider": "PROVIDER_UNSPECIFIED"
              }
            ],
            "node_config": [
              {
                "disk_size_gb": 100,
                "disk_type": "pd-standard",
                "guest_accelerator": [],
                "image_type": "COS_CONTAINERD",
                "labels": {},
                "local_ssd_count": 0,
                "machine_type": "n1-standard-4",
                "metadata": {
                  "disable-legacy-endpoints": "true"
                },
                "min_cpu_platform": "",
                "oauth_scopes": [
                  "https://www.googleapis.com/auth/compute",
                  "https://www.googleapis.com/auth/devstorage.read_only",
                  "https://www.googleapis.com/auth/logging.write",
                  "https://www.googleapis.com/auth/monitoring"
                ],
                "preemptible": false,
                "service_account": "default",
                "shielded_instance_config": [
                  {
                    "enable_integrity_monitoring": true,
                    "enable_secure_boot": false
                  }
                ],
                "tags": [],
                "taint": [],
                "workload_metadata_config": []
              }
            ],
            "node_locations": [
              "europe-west3-a"
            ],
            "node_pool": [
              {
                "autoscaling": [],
                "initial_node_count": 3,
                "instance_group_urls": [
                  "https://www.googleapis.com/compute/v1/projects/snappy-sight-332507/zones/europe-west3-a/instanceGroupManagers/gke-saar-cluster-default-pool-e04597e3-grp"
                ],
                "management": [
                  {
                    "auto_repair": true,
                    "auto_upgrade": true
                  }
                ],
                "max_pods_per_node": 110,
                "name": "default-pool",
                "name_prefix": "",
                "node_config": [
                  {
                    "disk_size_gb": 100,
                    "disk_type": "pd-standard",
                    "guest_accelerator": [],
                    "image_type": "COS_CONTAINERD",
                    "labels": {},
                    "local_ssd_count": 0,
                    "machine_type": "n1-standard-4",
                    "metadata": {
                      "disable-legacy-endpoints": "true"
                    },
                    "min_cpu_platform": "",
                    "oauth_scopes": [
                      "https://www.googleapis.com/auth/compute",
                      "https://www.googleapis.com/auth/devstorage.read_only",
                      "https://www.googleapis.com/auth/logging.write",
                      "https://www.googleapis.com/auth/monitoring"
                    ],
                    "preemptible": false,
                    "service_account": "default",
                    "shielded_instance_config": [
                      {
                        "enable_integrity_monitoring": true,
                        "enable_secure_boot": false
                      }
                    ],
                    "tags": [],
                    "taint": [],
                    "workload_metadata_config": []
                  }
                ],
                "node_count": 3,
                "node_locations": [
                  "europe-west3-a"
                ],
                "upgrade_settings": [
                  {
                    "max_surge": 1,
                    "max_unavailable": 0
                  }
                ],
                "version": "1.21.5-gke.1302"
              }
            ],
            "node_version": "1.21.5-gke.1302",
            "operation": null,
            "pod_security_policy_config": null,
            "private_cluster_config": [],
            "project": "snappy-sight-332507",
            "release_channel": [
              {
                "channel": "REGULAR"
              }
            ],
            "remove_default_node_pool": null,
            "resource_labels": {},
            "resource_usage_export_config": [],
            "self_link": "https://container.googleapis.com/v1beta1/projects/snappy-sight-332507/locations/europe-west3/clusters/saar-cluster",
            "services_ipv4_cidr": "10.100.0.0/20",
            "subnetwork": "projects/snappy-sight-332507/regions/europe-west3/subnetworks/default",
            "vertical_pod_autoscaling": [],
            "workload_identity_config": []
          },
          "sensitive_attributes": []
        }
      ]
    },
    {
      "module": "module.gke-cluster",
      "mode": "data",
      "type": "google_compute_zones",
      "name": "available",
      "provider": "provider[\"registry.terraform.io/hashicorp/google\"]",
      "instances": [
        {
          "schema_version": 0,
          "attributes": {
            "id": "projects/snappy-sight-332507/regions/",
            "names": [],
            "project": "snappy-sight-332507",
            "region": "",
            "status": null
          },
          "sensitive_attributes": []
        }
      ]
    },
    {
      "module": "module.gke-cluster",
      "mode": "data",
      "type": "google_container_engine_versions",
      "name": "supported",
      "provider": "provider[\"registry.terraform.io/hashicorp/google\"]",
      "instances": [
        {
          "schema_version": 0,
          "attributes": {
            "default_cluster_version": "1.21.5-gke.1302",
            "id": "2021-11-20 10:50:45.416933 +0000 UTC",
            "latest_master_version": null,
            "latest_node_version": "1.18.20-gke.6000",
            "location": "europe-west3",
            "project": null,
            "release_channel_default_version": {
              "RAPID": "1.21.5-gke.1802",
              "REGULAR": "1.21.5-gke.1302",
              "STABLE": "1.20.10-gke.1600"
            },
            "valid_master_versions": [],
            "valid_node_versions": [
              "1.18.20-gke.6000",
              "1.18.20-gke.4501",
              "1.18.20-gke.4500",
              "1.18.20-gke.4100",
              "1.18.20-gke.3300",
              "1.18.20-gke.3001",
              "1.18.20-gke.3000",
              "1.18.20-gke.2300",
              "1.18.20-gke.901",
              "1.18.20-gke.900",
              "1.18.20-gke.501",
              "1.18.19-gke.2101",
              "1.18.19-gke.2100",
              "1.18.19-gke.1701",
              "1.18.19-gke.1700",
              "1.18.18-gke.1701",
              "1.18.18-gke.1700",
              "1.18.18-gke.1101",
              "1.18.18-gke.1100",
              "1.18.17-gke.1901",
              "1.18.17-gke.1900",
              "1.18.17-gke.1201",
              "1.18.17-gke.1200",
              "1.18.17-gke.700",
              "1.18.17-gke.100",
              "1.18.16-gke.2100",
              "1.18.16-gke.1201",
              "1.18.16-gke.1200",
              "1.18.16-gke.502",
              "1.18.16-gke.500",
              "1.18.16-gke.302",
              "1.18.16-gke.300",
              "1.18.15-gke.2500",
              "1.18.15-gke.1502",
              "1.18.15-gke.1501",
              "1.18.15-gke.1500",
              "1.18.15-gke.1102",
              "1.18.15-gke.1100",
              "1.18.15-gke.800",
              "1.18.14-gke.1600",
              "1.18.14-gke.1200",
              "1.18.12-gke.1210",
              "1.18.12-gke.1206",
              "1.18.12-gke.1205",
              "1.18.12-gke.1201",
              "1.18.12-gke.1200",
              "1.18.12-gke.300",
              "1.18.10-gke.2701",
              "1.18.10-gke.2101",
              "1.18.10-gke.1500",
              "1.18.10-gke.601",
              "1.18.9-gke.2501",
              "1.18.9-gke.1501",
              "1.18.9-gke.801",
              "1.18.6-gke.4801",
              "1.18.6-gke.3504",
              "1.18.6-gke.3503"
            ],
            "version_prefix": "1.18"
          },
          "sensitive_attributes": []
        }
      ]
    },
    {
      "module": "module.gke-cluster",
      "mode": "managed",
      "type": "google_container_cluster",
      "name": "default",
      "provider": "provider[\"registry.terraform.io/hashicorp/google\"]",
      "instances": [
        {
          "schema_version": 1,
          "attributes": {
            "addons_config": [
              {
                "cloudrun_config": [],
                "horizontal_pod_autoscaling": [],
                "http_load_balancing": [],
                "network_policy_config": [
                  {
                    "disabled": true
                  }
                ]
              }
            ],
            "authenticator_groups_config": [],
            "cluster_autoscaling": [
              {
                "auto_provisioning_defaults": [],
                "enabled": false,
                "resource_limits": []
              }
            ],
            "cluster_ipv4_cidr": "10.96.0.0/14",
            "database_encryption": [
              {
                "key_name": "",
                "state": "DECRYPTED"
              }
            ],
            "default_max_pods_per_node": 110,
            "description": "",
            "enable_binary_authorization": false,
            "enable_intranode_visibility": null,
            "enable_kubernetes_alpha": false,
            "enable_legacy_abac": false,
            "enable_shielded_nodes": false,
            "enable_tpu": null,
            "endpoint": "34.141.51.73",
            "id": "projects/snappy-sight-332507/locations/europe-west3/clusters/saar-cluster",
            "initial_node_count": 3,
            "instance_group_urls": [
              "https://www.googleapis.com/compute/v1/projects/snappy-sight-332507/zones/europe-west3-a/instanceGroups/gke-saar-cluster-default-pool-e04597e3-grp"
            ],
            "ip_allocation_policy": [
              {
                "cluster_ipv4_cidr_block": "10.96.0.0/14",
                "cluster_secondary_range_name": "gke-saar-cluster-pods-46628f27",
                "services_ipv4_cidr_block": "10.100.0.0/20",
                "services_secondary_range_name": "gke-saar-cluster-services-46628f27"
              }
            ],
            "label_fingerprint": "a9dc16a7",
            "location": "europe-west3",
            "logging_service": "logging.googleapis.com/kubernetes",
            "maintenance_policy": [],
            "master_auth": [
              {
                "client_certificate": "",
                "client_certificate_config": [
                  {
                    "issue_client_certificate": false
                  }
                ],
                "client_key": "",
                "cluster_ca_certificate": "LS0tLS1CRUdJTiBDRVJUSUZJQ0FURS0tLS0tCk1JSUVMVENDQXBXZ0F3SUJBZ0lSQU9rRjVOZTNmMmVUc0ZQYVN4Q3lEOW93RFFZSktvWklodmNOQVFFTEJRQXcKTHpFdE1Dc0dBMVVFQXhNa01UazNNV0V5T1RJdFpqazVaUzAwWlRNeExUZzRNVGN0WVRoaVlqaGlNakk1WWprMApNQ0FYRFRJeE1URXlNREE1TlRBMU5Gb1lEekl3TlRFeE1URXpNVEExTURVMFdqQXZNUzB3S3dZRFZRUURFeVF4Ck9UY3hZVEk1TWkxbU9UbGxMVFJsTXpFdE9EZ3hOeTFoT0dKaU9HSXlNamxpT1RRd2dnR2lNQTBHQ1NxR1NJYjMKRFFFQkFRVUFBNElCandBd2dnR0tBb0lCZ1FDUCtndUZ0M3hvNFFhcExZRkYrTEZDMVRpWEdLSklybFRMV2hMdgpabk5zUFVDZ0NQcTZ4VjBSUFQ3UENBM3Z4eGFlS2EvUnNPRzc4bXQyc2MzZUR6RUZNb3ovWStTZSs3akFFbkF5CmdYeTlOYndaS0Y5R0lrd0xIa3ZTSDQ5b09nRTlQUFd3czdvODZ3SFFNSVRQNXZ3RS9tWXM1M0ZTbFd4YktkQjcKM2YrcVNjQ2YrSkRGVVVKM3V1elQxdVdCRkN5ZjM4MFMxZmJVazN3S0pPdXZkbmRSNjVyU3ZQaFl5QUxSOVQyVApkT2JCU3haU3RKQkFmbHFnRHFBSWRmT3krTzI2OFlHbkNZYStNVWlIeU0xcGEvall5MmYxRGIyQmRRSjkxdzNlClhJbmpQdVUrWmtwVjJWeDVYS21mby84WFFlWStBNDk3TlB1UDZicURiZGtNRW5XN3NGVFgySStHdVEyTDBiRG0KTTVCMDYzek8zSGtOeW5tWmJ1enNxMi9pS1YwQ2JpQUdqUUY2UVhlbS9rV3hoTENpWHpJK3FpS1NPdkRuSld6dApYSi9uczVBQjBmbG9QRmthckxmZjhpbEFFSk5xWVlUTXBoZ0hMeEtjVnJJRU5SYk5MSkZVOVNGQmo1NDBhYWR1Cm5XUk1rdHV3M0lqUXJnbEJtd0ladERZN1NlOENBd0VBQWFOQ01FQXdEZ1lEVlIwUEFRSC9CQVFEQWdJRU1BOEcKQTFVZEV3RUIvd1FGTUFNQkFmOHdIUVlEVlIwT0JCWUVGRU5iTzlIRVJFOE9leFBNKzBpOWNFVE5DQUdkTUEwRwpDU3FHU0liM0RRRUJDd1VBQTRJQmdRQkhoMUNJbCtidVJpd3BSdEFKaXpxTXJEZ0NvZ3ZjSjJXaEMyQk5hVTFlCmE3Wm5IaldZWkJBVjBaRkN3SGpubUpGMXM0Z2ZNeGg3dHNCaDBETXdWT1hodmEwbWoydFoycTQzejV2UDVScDgKb1ZXd1lxSUJ0SElvQlI4OU9YWWVLUE1YSFFiWGRDS0lickhzRXpadnQvRG9MZjlWN2IrNjNLSDVtKzJEaVZpVwpzZGdUekdZcmh1Sng0SmRSZlpvRkxYL0lHNW5rdUFCODMwRTBRVDlYMVlXaHB0NWxXYko2VzR3L01mUi9HVmFjCnhLblVnb1BrdzFnSG82cHEwVHFhREpuVjZzcW5xREtyd1JRc2FIUkdIeUNIUGZhL0RWOVgzdmV2R1ZYTDNXdU8KMFBZYm5QcnZUUkFSRUd2RmdycjlPNmdWaitlSFlUeTBwWmx2blVrLzZNUVo1M0V6QU9KN2YycTM3TE5JdDVSMgppcit6OElJcUlXanpweWVaV2QzMFVRZEx2L1Z0bWczLzN5enUzSThpUzJvTXZ1RGRFVDhhbEpWbnhNT2ZwK2Q4CisvT1g4YVVhOFVzWDNLZW8weENBMWoxUWlGY3hUUDRkQVhFcHczNzZGcjMwUmFNdzYwenFPVUJqZEZwYnF0ZXEKajRHVWppSjcyNXN0bUNlME5mKzIzVGc9Ci0tLS0tRU5EIENFUlRJRklDQVRFLS0tLS0K",
                "password": "",
                "username": ""
              }
            ],
            "master_authorized_networks_config": [],
            "master_version": "1.21.5-gke.1302",
            "min_master_version": null,
            "monitoring_service": "monitoring.googleapis.com/kubernetes",
            "name": "saar-cluster",
            "network": "projects/snappy-sight-332507/global/networks/default",
            "network_policy": [
              {
                "enabled": false,
                "provider": "PROVIDER_UNSPECIFIED"
              }
            ],
            "node_config": [
              {
                "disk_size_gb": 100,
                "disk_type": "pd-standard",
                "guest_accelerator": [],
                "image_type": "COS_CONTAINERD",
                "labels": {},
                "local_ssd_count": 0,
                "machine_type": "n1-standard-4",
                "metadata": {
                  "disable-legacy-endpoints": "true"
                },
                "min_cpu_platform": "",
                "oauth_scopes": [
                  "https://www.googleapis.com/auth/compute",
                  "https://www.googleapis.com/auth/devstorage.read_only",
                  "https://www.googleapis.com/auth/logging.write",
                  "https://www.googleapis.com/auth/monitoring"
                ],
                "preemptible": false,
                "service_account": "default",
                "shielded_instance_config": [
                  {
                    "enable_integrity_monitoring": true,
                    "enable_secure_boot": false
                  }
                ],
                "tags": null,
                "taint": [],
                "workload_metadata_config": []
              }
            ],
            "node_locations": [
              "europe-west3-a"
            ],
            "node_pool": [
              {
                "autoscaling": [],
                "initial_node_count": 3,
                "instance_group_urls": [
                  "https://www.googleapis.com/compute/v1/projects/snappy-sight-332507/zones/europe-west3-a/instanceGroupManagers/gke-saar-cluster-default-pool-e04597e3-grp"
                ],
                "management": [
                  {
                    "auto_repair": true,
                    "auto_upgrade": true
                  }
                ],
                "max_pods_per_node": 110,
                "name": "default-pool",
                "name_prefix": "",
                "node_config": [
                  {
                    "disk_size_gb": 100,
                    "disk_type": "pd-standard",
                    "guest_accelerator": [],
                    "image_type": "COS_CONTAINERD",
                    "labels": {},
                    "local_ssd_count": 0,
                    "machine_type": "n1-standard-4",
                    "metadata": {
                      "disable-legacy-endpoints": "true"
                    },
                    "min_cpu_platform": "",
                    "oauth_scopes": [
                      "https://www.googleapis.com/auth/compute",
                      "https://www.googleapis.com/auth/devstorage.read_only",
                      "https://www.googleapis.com/auth/logging.write",
                      "https://www.googleapis.com/auth/monitoring"
                    ],
                    "preemptible": false,
                    "service_account": "default",
                    "shielded_instance_config": [
                      {
                        "enable_integrity_monitoring": true,
                        "enable_secure_boot": false
                      }
                    ],
                    "tags": [],
                    "taint": [],
                    "workload_metadata_config": []
                  }
                ],
                "node_count": 3,
                "node_locations": [
                  "europe-west3-a"
                ],
                "upgrade_settings": [
                  {
                    "max_surge": 1,
                    "max_unavailable": 0
                  }
                ],
                "version": "1.21.5-gke.1302"
              }
            ],
            "node_version": "1.21.5-gke.1302",
            "operation": null,
            "pod_security_policy_config": [],
            "private_cluster_config": [],
            "project": "snappy-sight-332507",
            "release_channel": [
              {
                "channel": "REGULAR"
              }
            ],
            "remove_default_node_pool": null,
            "resource_labels": null,
            "resource_usage_export_config": [],
            "self_link": "https://container.googleapis.com/v1beta1/projects/snappy-sight-332507/locations/europe-west3/clusters/saar-cluster",
            "services_ipv4_cidr": "10.100.0.0/20",
            "subnetwork": "projects/snappy-sight-332507/regions/europe-west3/subnetworks/default",
            "timeouts": null,
            "vertical_pod_autoscaling": [],
            "workload_identity_config": []
          },
          "sensitive_attributes": [],
          "private": "eyJlMmJmYjczMC1lY2FhLTExZTYtOGY4OC0zNDM2M2JjN2M0YzAiOnsiY3JlYXRlIjoyNDAwMDAwMDAwMDAwLCJkZWxldGUiOjI0MDAwMDAwMDAwMDAsInJlYWQiOjI0MDAwMDAwMDAwMDAsInVwZGF0ZSI6MzYwMDAwMDAwMDAwMH0sInNjaGVtYV92ZXJzaW9uIjoiMSJ9",
          "dependencies": [
            "module.gke-cluster.data.google_container_engine_versions.supported"
          ]
        }
      ]
    },
    {
      "module": "module.kubernetes-config",
      "mode": "managed",
      "type": "kubernetes_ingress",
      "name": "example",
      "provider": "provider[\"registry.terraform.io/hashicorp/kubernetes\"]",
      "instances": [
        {
          "schema_version": 1,
          "attributes": {
            "id": "default/basic-ingress",
            "metadata": [
              {
                "annotations": {
                  "kubernetes.io/ingress.class": "nginx"
                },
                "generate_name": "",
                "generation": 1,
                "labels": null,
                "name": "basic-ingress",
                "namespace": "default",
                "resource_version": "1139",
                "uid": "12e22888-1918-45fc-8734-37e01c834d98"
              }
            ],
            "spec": [
              {
                "backend": [],
                "ingress_class_name": "",
                "rule": [
                  {
                    "host": "",
                    "http": [
                      {
                        "path": [
                          {
                            "backend": [
                              {
                                "service_name": "hello",
                                "service_port": "8080"
                              }
                            ],
                            "path": "/*"
                          }
                        ]
                      }
                    ]
                  }
                ],
                "tls": []
              }
            ],
            "status": [
              {
                "load_balancer": [
                  {
                    "ingress": []
                  }
                ]
              }
            ],
            "wait_for_load_balancer": false
          },
          "sensitive_attributes": [],
          "private": "eyJzY2hlbWFfdmVyc2lvbiI6IjEifQ==",
          "dependencies": [
            "data.google_client_config.default",
            "data.google_container_cluster.default",
            "module.gke-cluster.data.google_compute_zones.available",
            "module.gke-cluster.data.google_container_engine_versions.supported",
            "module.gke-cluster.google_container_cluster.default"
          ]
        }
      ]
    }
  ]
}
